
Microsoft Visual Studio Solution File, Format Version 12.00
# Visual Studio Version 16
VisualStudioVersion = 16.0.29709.97
MinimumVisualStudioVersion = 10.0.40219.1
Project("{FAE04EC0-301F-11D3-BF4B-00C04F79EFBC}") = "RecursiveMethods", "RecursiveMethods\RecursiveMethods.csproj", "{2E0B65E2-59A5-4A3F-8BE0-C0C4DE89E981}"
EndProject
Global
	GlobalSection(SolutionConfigurationPlatforms) = preSolution
		Debug|Any CPU = Debug|Any CPU
		Release|Any CPU = Release|Any CPU
	EndGlobalSection
	GlobalSection(ProjectConfigurationPlatforms) = postSolution
		{2E0B65E2-59A5-4A3F-8BE0-C0C4DE89E981}.Debug|Any CPU.ActiveCfg = Debug|Any CPU
		{2E0B65E2-59A5-4A3F-8BE0-C0C4DE89E981}.Debug|Any CPU.Build.0 = Debug|Any CPU
		{2E0B65E2-59A5-4A3F-8BE0-C0C4DE89E981}.Release|Any CPU.ActiveCfg = Release|Any CPU
		{2E0B65E2-59A5-4A3F-8BE0-C0C4DE89E981}.Release|Any CPU.Build.0 = Release|Any CPU
	EndGlobalSection
	GlobalSection(SolutionProperties) = preSolution
		HideSolutionNode = FALSE
	EndGlobalSection
	GlobalSection(ExtensibilityGlobals) = postSolution
		SolutionGuid = {1EF67248-F289-4A16-9807-92A7B3AA5B33}
	EndGlobalSection
EndGlobal
